// !$*UTF8*$!
{
	archiveVersion = 1;
	classes = {
	};
	objectVersion = 50;
	objects = {

/* Begin PBXBuildFile section */
		321FCAC122B3C703008A0CA1 /* README.md in Resources */ = {isa = PBXBuildFile; fileRef = 321FCAC022B3C703008A0CA1 /* README.md */; };
		32C4EE6522B10900008F9EC7 /* AppDelegate.swift in Sources */ = {isa = PBXBuildFile; fileRef = 32C4EE6422B10900008F9EC7 /* AppDelegate.swift */; };
		32C4EE6722B10900008F9EC7 /* SceneDelegate.swift in Sources */ = {isa = PBXBuildFile; fileRef = 32C4EE6622B10900008F9EC7 /* SceneDelegate.swift */; };
		32C4EE6922B10900008F9EC7 /* ContentView.swift in Sources */ = {isa = PBXBuildFile; fileRef = 32C4EE6822B10900008F9EC7 /* ContentView.swift */; };
		32C4EE6B22B10901008F9EC7 /* Assets.xcassets in Resources */ = {isa = PBXBuildFile; fileRef = 32C4EE6A22B10901008F9EC7 /* Assets.xcassets */; };
		32C4EE6E22B10901008F9EC7 /* Preview Assets.xcassets in Resources */ = {isa = PBXBuildFile; fileRef = 32C4EE6D22B10901008F9EC7 /* Preview Assets.xcassets */; };
		32C4EE7122B10901008F9EC7 /* LaunchScreen.storyboard in Resources */ = {isa = PBXBuildFile; fileRef = 32C4EE6F22B10901008F9EC7 /* LaunchScreen.storyboard */; };
		32C4EE7A22B10933008F9EC7 /* Article.swift in Sources */ = {isa = PBXBuildFile; fileRef = 32C4EE7922B10933008F9EC7 /* Article.swift */; };
		32C4EE8022B11011008F9EC7 /* ArticleListViewModel.swift in Sources */ = {isa = PBXBuildFile; fileRef = 32C4EE7F22B11011008F9EC7 /* ArticleListViewModel.swift */; };
		32C4EE8222B13693008F9EC7 /* ArticleDetails.swift in Sources */ = {isa = PBXBuildFile; fileRef = 32C4EE8122B13693008F9EC7 /* ArticleDetails.swift */; };
		32C4EE8722B25C36008F9EC7 /* StringExtended.swift in Sources */ = {isa = PBXBuildFile; fileRef = 32C4EE8622B25C36008F9EC7 /* StringExtended.swift */; };
		32C4EE8922B265AF008F9EC7 /* ImageWorker.swift in Sources */ = {isa = PBXBuildFile; fileRef = 32C4EE8822B265AF008F9EC7 /* ImageWorker.swift */; };
		32C4EE8B22B26BC2008F9EC7 /* DateExtended.swift in Sources */ = {isa = PBXBuildFile; fileRef = 32C4EE8A22B26BC2008F9EC7 /* DateExtended.swift */; };
		32C4EE8E22B27C20008F9EC7 /* ServiceProtocol.swift in Sources */ = {isa = PBXBuildFile; fileRef = 32C4EE8D22B27C20008F9EC7 /* ServiceProtocol.swift */; };
		32C4EE9022B27EDE008F9EC7 /* WebService.swift in Sources */ = {isa = PBXBuildFile; fileRef = 32C4EE8F22B27EDE008F9EC7 /* WebService.swift */; };
		32C4EE9222B27FB5008F9EC7 /* APIRouter.swift in Sources */ = {isa = PBXBuildFile; fileRef = 32C4EE9122B27FB5008F9EC7 /* APIRouter.swift */; };
/* End PBXBuildFile section */

/* Begin PBXFileReference section */
		321FCAC022B3C703008A0CA1 /* README.md */ = {isa = PBXFileReference; fileEncoding = 4; lastKnownFileType = net.daringfireball.markdown; path = README.md; sourceTree = "<group>"; };
		32C4EE6122B10900008F9EC7 /* NewsApp.app */ = {isa = PBXFileReference; explicitFileType = wrapper.application; includeInIndex = 0; path = NewsApp.app; sourceTree = BUILT_PRODUCTS_DIR; };
		32C4EE6422B10900008F9EC7 /* AppDelegate.swift */ = {isa = PBXFileReference; lastKnownFileType = sourcecode.swift; path = AppDelegate.swift; sourceTree = "<group>"; };
		32C4EE6622B10900008F9EC7 /* SceneDelegate.swift */ = {isa = PBXFileReference; lastKnownFileType = sourcecode.swift; path = SceneDelegate.swift; sourceTree = "<group>"; };
		32C4EE6822B10900008F9EC7 /* ContentView.swift */ = {isa = PBXFileReference; lastKnownFileType = sourcecode.swift; path = ContentView.swift; sourceTree = "<group>"; };
		32C4EE6A22B10901008F9EC7 /* Assets.xcassets */ = {isa = PBXFileReference; lastKnownFileType = folder.assetcatalog; path = Assets.xcassets; sourceTree = "<group>"; };
		32C4EE6D22B10901008F9EC7 /* Preview Assets.xcassets */ = {isa = PBXFileReference; lastKnownFileType = folder.assetcatalog; path = "Preview Assets.xcassets"; sourceTree = "<group>"; };
		32C4EE7022B10901008F9EC7 /* Base */ = {isa = PBXFileReference; lastKnownFileType = file.storyboard; name = Base; path = Base.lproj/LaunchScreen.storyboard; sourceTree = "<group>"; };
		32C4EE7222B10901008F9EC7 /* Info.plist */ = {isa = PBXFileReference; lastKnownFileType = text.plist.xml; path = Info.plist; sourceTree = "<group>"; };
		32C4EE7922B10933008F9EC7 /* Article.swift */ = {isa = PBXFileReference; lastKnownFileType = sourcecode.swift; path = Article.swift; sourceTree = "<group>"; };
		32C4EE7F22B11011008F9EC7 /* ArticleListViewModel.swift */ = {isa = PBXFileReference; lastKnownFileType = sourcecode.swift; path = ArticleListViewModel.swift; sourceTree = "<group>"; };
		32C4EE8122B13693008F9EC7 /* ArticleDetails.swift */ = {isa = PBXFileReference; lastKnownFileType = sourcecode.swift; path = ArticleDetails.swift; sourceTree = "<group>"; };
		32C4EE8622B25C36008F9EC7 /* StringExtended.swift */ = {isa = PBXFileReference; lastKnownFileType = sourcecode.swift; path = StringExtended.swift; sourceTree = "<group>"; };
		32C4EE8822B265AF008F9EC7 /* ImageWorker.swift */ = {isa = PBXFileReference; lastKnownFileType = sourcecode.swift; path = ImageWorker.swift; sourceTree = "<group>"; };
		32C4EE8A22B26BC2008F9EC7 /* DateExtended.swift */ = {isa = PBXFileReference; lastKnownFileType = sourcecode.swift; path = DateExtended.swift; sourceTree = "<group>"; };
		32C4EE8D22B27C20008F9EC7 /* ServiceProtocol.swift */ = {isa = PBXFileReference; lastKnownFileType = sourcecode.swift; path = ServiceProtocol.swift; sourceTree = "<group>"; };
		32C4EE8F22B27EDE008F9EC7 /* WebService.swift */ = {isa = PBXFileReference; lastKnownFileType = sourcecode.swift; path = WebService.swift; sourceTree = "<group>"; };
		32C4EE9122B27FB5008F9EC7 /* APIRouter.swift */ = {isa = PBXFileReference; lastKnownFileType = sourcecode.swift; path = APIRouter.swift; sourceTree = "<group>"; };
/* End PBXFileReference section */

/* Begin PBXFrameworksBuildPhase section */
		32C4EE5E22B10900008F9EC7 /* Frameworks */ = {
			isa = PBXFrameworksBuildPhase;
			buildActionMask = 2147483647;
			files = (
			);
			runOnlyForDeploymentPostprocessing = 0;
		};
/* End PBXFrameworksBuildPhase section */

/* Begin PBXGroup section */
		321FCABD22B3B17A008A0CA1 /* Scenes */ = {
			isa = PBXGroup;
			children = (
				32C4EE6822B10900008F9EC7 /* ContentView.swift */,
				32C4EE8122B13693008F9EC7 /* ArticleDetails.swift */,
			);
			path = Scenes;
			sourceTree = "<group>";
		};
		32C4EE5822B10900008F9EC7 = {
			isa = PBXGroup;
			children = (
				32C4EE6322B10900008F9EC7 /* NewsApp */,
				32C4EE6222B10900008F9EC7 /* Products */,
			);
			sourceTree = "<group>";
		};
		32C4EE6222B10900008F9EC7 /* Products */ = {
			isa = PBXGroup;
			children = (
				32C4EE6122B10900008F9EC7 /* NewsApp.app */,
			);
			name = Products;
			sourceTree = "<group>";
		};
		32C4EE6322B10900008F9EC7 /* NewsApp */ = {
			isa = PBXGroup;
			children = (
				321FCAC022B3C703008A0CA1 /* README.md */,
				321FCABD22B3B17A008A0CA1 /* Scenes */,
				32C4EE8C22B27BFE008F9EC7 /* Workers */,
				32C4EE8522B25C0A008F9EC7 /* Helpers */,
				32C4EE7E22B10FE6008F9EC7 /* ViewModels */,
				32C4EE7B22B109E9008F9EC7 /* Services */,
				32C4EE7822B10917008F9EC7 /* Models */,
				32C4EE6422B10900008F9EC7 /* AppDelegate.swift */,
				32C4EE6622B10900008F9EC7 /* SceneDelegate.swift */,
				32C4EE6A22B10901008F9EC7 /* Assets.xcassets */,
				32C4EE6F22B10901008F9EC7 /* LaunchScreen.storyboard */,
				32C4EE7222B10901008F9EC7 /* Info.plist */,
				32C4EE6C22B10901008F9EC7 /* Preview Content */,
			);
			path = NewsApp;
			sourceTree = "<group>";
		};
		32C4EE6C22B10901008F9EC7 /* Preview Content */ = {
			isa = PBXGroup;
			children = (
				32C4EE6D22B10901008F9EC7 /* Preview Assets.xcassets */,
			);
			path = "Preview Content";
			sourceTree = "<group>";
		};
		32C4EE7822B10917008F9EC7 /* Models */ = {
			isa = PBXGroup;
			children = (
				32C4EE7922B10933008F9EC7 /* Article.swift */,
			);
			path = Models;
			sourceTree = "<group>";
		};
		32C4EE7B22B109E9008F9EC7 /* Services */ = {
			isa = PBXGroup;
			children = (
				32C4EE8D22B27C20008F9EC7 /* ServiceProtocol.swift */,
				32C4EE8F22B27EDE008F9EC7 /* WebService.swift */,
				32C4EE9122B27FB5008F9EC7 /* APIRouter.swift */,
			);
			path = Services;
			sourceTree = "<group>";
		};
		32C4EE7E22B10FE6008F9EC7 /* ViewModels */ = {
			isa = PBXGroup;
			children = (
				32C4EE7F22B11011008F9EC7 /* ArticleListViewModel.swift */,
			);
			path = ViewModels;
			sourceTree = "<group>";
		};
		32C4EE8522B25C0A008F9EC7 /* Helpers */ = {
			isa = PBXGroup;
			children = (
				32C4EE8622B25C36008F9EC7 /* StringExtended.swift */,
				32C4EE8A22B26BC2008F9EC7 /* DateExtended.swift */,
			);
			path = Helpers;
			sourceTree = "<group>";
		};
		32C4EE8C22B27BFE008F9EC7 /* Workers */ = {
			isa = PBXGroup;
			children = (
				32C4EE8822B265AF008F9EC7 /* ImageWorker.swift */,
			);
			path = Workers;
			sourceTree = "<group>";
		};
/* End PBXGroup section */

/* Begin PBXNativeTarget section */
		32C4EE6022B10900008F9EC7 /* NewsApp */ = {
			isa = PBXNativeTarget;
			buildConfigurationList = 32C4EE7522B10901008F9EC7 /* Build configuration list for PBXNativeTarget "NewsApp" */;
			buildPhases = (
				32C4EE5D22B10900008F9EC7 /* Sources */,
				32C4EE5E22B10900008F9EC7 /* Frameworks */,
				32C4EE5F22B10900008F9EC7 /* Resources */,
			);
			buildRules = (
			);
			dependencies = (
			);
			name = NewsApp;
			productName = NewsApp;
			productReference = 32C4EE6122B10900008F9EC7 /* NewsApp.app */;
			productType = "com.apple.product-type.application";
		};
/* End PBXNativeTarget section */

/* Begin PBXProject section */
		32C4EE5922B10900008F9EC7 /* Project object */ = {
			isa = PBXProject;
			attributes = {
				LastSwiftUpdateCheck = 1100;
				LastUpgradeCheck = 1100;
				ORGANIZATIONNAME = plamena;
				TargetAttributes = {
					32C4EE6022B10900008F9EC7 = {
						CreatedOnToolsVersion = 11.0;
					};
				};
			};
			buildConfigurationList = 32C4EE5C22B10900008F9EC7 /* Build configuration list for PBXProject "NewsApp" */;
			compatibilityVersion = "Xcode 9.3";
			developmentRegion = en;
			hasScannedForEncodings = 0;
			knownRegions = (
				en,
				Base,
			);
			mainGroup = 32C4EE5822B10900008F9EC7;
			productRefGroup = 32C4EE6222B10900008F9EC7 /* Products */;
			projectDirPath = "";
			projectRoot = "";
			targets = (
				32C4EE6022B10900008F9EC7 /* NewsApp */,
			);
		};
/* End PBXProject section */

/* Begin PBXResourcesBuildPhase section */
		32C4EE5F22B10900008F9EC7 /* Resources */ = {
			isa = PBXResourcesBuildPhase;
			buildActionMask = 2147483647;
			files = (
				32C4EE7122B10901008F9EC7 /* LaunchScreen.storyboard in Resources */,
				32C4EE6E22B10901008F9EC7 /* Preview Assets.xcassets in Resources */,
				321FCAC122B3C703008A0CA1 /* README.md in Resources */,
				32C4EE6B22B10901008F9EC7 /* Assets.xcassets in Resources */,
			);
			runOnlyForDeploymentPostprocessing = 0;
		};
/* End PBXResourcesBuildPhase section */

/* Begin PBXSourcesBuildPhase section */
		32C4EE5D22B10900008F9EC7 /* Sources */ = {
			isa = PBXSourcesBuildPhase;
			buildActionMask = 2147483647;
			files = (
				32C4EE7A22B10933008F9EC7 /* Article.swift in Sources */,
				32C4EE8022B11011008F9EC7 /* ArticleListViewModel.swift in Sources */,
				32C4EE6522B10900008F9EC7 /* AppDelegate.swift in Sources */,
				32C4EE6722B10900008F9EC7 /* SceneDelegate.swift in Sources */,
				32C4EE8722B25C36008F9EC7 /* StringExtended.swift in Sources */,
				32C4EE9022B27EDE008F9EC7 /* WebService.swift in Sources */,
				32C4EE8922B265AF008F9EC7 /* ImageWorker.swift in Sources */,
				32C4EE9222B27FB5008F9EC7 /* APIRouter.swift in Sources */,
				32C4EE6922B10900008F9EC7 /* ContentView.swift in Sources */,
				32C4EE8B22B26BC2008F9EC7 /* DateExtended.swift in Sources */,
				32C4EE8222B13693008F9EC7 /* ArticleDetails.swift in Sources */,
				32C4EE8E22B27C20008F9EC7 /* ServiceProtocol.swift in Sources */,
			);
			runOnlyForDeploymentPostprocessing = 0;
		};
/* End PBXSourcesBuildPhase section */

/* Begin PBXVariantGroup section */
		32C4EE6F22B10901008F9EC7 /* LaunchScreen.storyboard */ = {
			isa = PBXVariantGroup;
			children = (
				32C4EE7022B10901008F9EC7 /* Base */,
			);
			name = LaunchScreen.storyboard;
			sourceTree = "<group>";
		};
/* End PBXVariantGroup section */

/* Begin XCBuildConfiguration section */
		32C4EE7322B10901008F9EC7 /* Debug */ = {
			isa = XCBuildConfiguration;
			buildSettings = {
				ALWAYS_SEARCH_USER_PATHS = NO;
				CLANG_ANALYZER_NONNULL = YES;
				CLANG_ANALYZER_NUMBER_OBJECT_CONVERSION = YES_AGGRESSIVE;
				CLANG_CXX_LANGUAGE_STANDARD = "gnu++14";
				CLANG_CXX_LIBRARY = "libc++";
				CLANG_ENABLE_MODULES = YES;
				CLANG_ENABLE_OBJC_ARC = YES;
				CLANG_ENABLE_OBJC_WEAK = YES;
				CLANG_WARN_BLOCK_CAPTURE_AUTORELEASING = YES;
				CLANG_WARN_BOOL_CONVERSION = YES;
				CLANG_WARN_COMMA = YES;
				CLANG_WARN_CONSTANT_CONVERSION = YES;
				CLANG_WARN_DEPRECATED_OBJC_IMPLEMENTATIONS = YES;
				CLANG_WARN_DIRECT_OBJC_ISA_USAGE = YES_ERROR;
				CLANG_WARN_DOCUMENTATION_COMMENTS = YES;
				CLANG_WARN_EMPTY_BODY = YES;
				CLANG_WARN_ENUM_CONVERSION = YES;
				CLANG_WARN_INFINITE_RECURSION = YES;
				CLANG_WARN_INT_CONVERSION = YES;
				CLANG_WARN_NON_LITERAL_NULL_CONVERSION = YES;
				CLANG_WARN_OBJC_IMPLICIT_RETAIN_SELF = YES;
				CLANG_WARN_OBJC_LITERAL_CONVERSION = YES;
				CLANG_WARN_OBJC_ROOT_CLASS = YES_ERROR;
				CLANG_WARN_RANGE_LOOP_ANALYSIS = YES;
				CLANG_WARN_STRICT_PROTOTYPES = YES;
				CLANG_WARN_SUSPICIOUS_MOVE = YES;
				CLANG_WARN_UNGUARDED_AVAILABILITY = YES_AGGRESSIVE;
				CLANG_WARN_UNREACHABLE_CODE = YES;
				CLANG_WARN__DUPLICATE_METHOD_MATCH = YES;
				COPY_PHASE_STRIP = NO;
				DEBUG_INFORMATION_FORMAT = dwarf;
				ENABLE_STRICT_OBJC_MSGSEND = YES;
				ENABLE_TESTABILITY = YES;
				GCC_C_LANGUAGE_STANDARD = gnu11;
				GCC_DYNAMIC_NO_PIC = NO;
				GCC_NO_COMMON_BLOCKS = YES;
				GCC_OPTIMIZATION_LEVEL = 0;
				GCC_PREPROCESSOR_DEFINITIONS = (
					"DEBUG=1",
					"$(inherited)",
				);
				GCC_WARN_64_TO_32_BIT_CONVERSION = YES;
				GCC_WARN_ABOUT_RETURN_TYPE = YES_ERROR;
				GCC_WARN_UNDECLARED_SELECTOR = YES;
				GCC_WARN_UNINITIALIZED_AUTOS = YES_AGGRESSIVE;
				GCC_WARN_UNUSED_FUNCTION = YES;
				GCC_WARN_UNUSED_VARIABLE = YES;
				IPHONEOS_DEPLOYMENT_TARGET = 13.0;
				MTL_ENABLE_DEBUG_INFO = INCLUDE_SOURCE;
				MTL_FAST_MATH = YES;
				ONLY_ACTIVE_ARCH = YES;
				SDKROOT = iphoneos;
				SWIFT_ACTIVE_COMPILATION_CONDITIONS = DEBUG;
				SWIFT_OPTIMIZATION_LEVEL = "-Onone";
			};
			name = Debug;
		};
		32C4EE7422B10901008F9EC7 /* Release */ = {
			isa = XCBuildConfiguration;
			buildSettings = {
				ALWAYS_SEARCH_USER_PATHS = NO;
				CLANG_ANALYZER_NONNULL = YES;
				CLANG_ANALYZER_NUMBER_OBJECT_CONVERSION = YES_AGGRESSIVE;
				CLANG_CXX_LANGUAGE_STANDARD = "gnu++14";
				CLANG_CXX_LIBRARY = "libc++";
				CLANG_ENABLE_MODULES = YES;
				CLANG_ENABLE_OBJC_ARC = YES;
				CLANG_ENABLE_OBJC_WEAK = YES;
				CLANG_WARN_BLOCK_CAPTURE_AUTORELEASING = YES;
				CLANG_WARN_BOOL_CONVERSION = YES;
				CLANG_WARN_COMMA = YES;
				CLANG_WARN_CONSTANT_CONVERSION = YES;
				CLANG_WARN_DEPRECATED_OBJC_IMPLEMENTATIONS = YES;
				CLANG_WARN_DIRECT_OBJC_ISA_USAGE = YES_ERROR;
				CLANG_WARN_DOCUMENTATION_COMMENTS = YES;
				CLANG_WARN_EMPTY_BODY = YES;
				CLANG_WARN_ENUM_CONVERSION = YES;
				CLANG_WARN_INFINITE_RECURSION = YES;
				CLANG_WARN_INT_CONVERSION = YES;
				CLANG_WARN_NON_LITERAL_NULL_CONVERSION = YES;
				CLANG_WARN_OBJC_IMPLICIT_RETAIN_SELF = YES;
				CLANG_WARN_OBJC_LITERAL_CONVERSION = YES;
				CLANG_WARN_OBJC_ROOT_CLASS = YES_ERROR;
				CLANG_WARN_RANGE_LOOP_ANALYSIS = YES;
				CLANG_WARN_STRICT_PROTOTYPES = YES;
				CLANG_WARN_SUSPICIOUS_MOVE = YES;
				CLANG_WARN_UNGUARDED_AVAILABILITY = YES_AGGRESSIVE;
				CLANG_WARN_UNREACHABLE_CODE = YES;
				CLANG_WARN__DUPLICATE_METHOD_MATCH = YES;
				COPY_PHASE_STRIP = NO;
				DEBUG_INFORMATION_FORMAT = "dwarf-with-dsym";
				ENABLE_NS_ASSERTIONS = NO;
				ENABLE_STRICT_OBJC_MSGSEND = YES;
				GCC_C_LANGUAGE_STANDARD = gnu11;
				GCC_NO_COMMON_BLOCKS = YES;
				GCC_WARN_64_TO_32_BIT_CONVERSION = YES;
				GCC_WARN_ABOUT_RETURN_TYPE = YES_ERROR;
				GCC_WARN_UNDECLARED_SELECTOR = YES;
				GCC_WARN_UNINITIALIZED_AUTOS = YES_AGGRESSIVE;
				GCC_WARN_UNUSED_FUNCTION = YES;
				GCC_WARN_UNUSED_VARIABLE = YES;
				IPHONEOS_DEPLOYMENT_TARGET = 13.0;
				MTL_ENABLE_DEBUG_INFO = NO;
				MTL_FAST_MATH = YES;
				SDKROOT = iphoneos;
				SWIFT_COMPILATION_MODE = wholemodule;
				SWIFT_OPTIMIZATION_LEVEL = "-O";
				VALIDATE_PRODUCT = YES;
			};
			name = Release;
		};
		32C4EE7622B10901008F9EC7 /* Debug */ = {
			isa = XCBuildConfiguration;
			buildSettings = {
				ASSETCATALOG_COMPILER_APPICON_NAME = AppIcon;
				CODE_SIGN_STYLE = Automatic;
				DEVELOPMENT_ASSET_PATHS = "NewsApp/Preview\\ Content";
				DEVELOPMENT_TEAM = GECEU38F23;
				ENABLE_PREVIEWS = YES;
				INFOPLIST_FILE = NewsApp/Info.plist;
				LD_RUNPATH_SEARCH_PATHS = (
					"$(inherited)",
					"@executable_path/Frameworks",
				);
				PRODUCT_BUNDLE_IDENTIFIER = com.plamena.NewsApp;
				PRODUCT_NAME = "$(TARGET_NAME)";
				SWIFT_VERSION = 5.0;
				TARGETED_DEVICE_FAMILY = "1,2";
			};
			name = Debug;
		};
		32C4EE7722B10901008F9EC7 /* Release */ = {
			isa = XCBuildConfiguration;
			buildSettings = {
				ASSETCATALOG_COMPILER_APPICON_NAME = AppIcon;
				CODE_SIGN_STYLE = Automatic;
				DEVELOPMENT_ASSET_PATHS = "NewsApp/Preview\\ Content";
				DEVELOPMENT_TEAM = GECEU38F23;
				ENABLE_PREVIEWS = YES;
				INFOPLIST_FILE = NewsApp/Info.plist;
				LD_RUNPATH_SEARCH_PATHS = (
					"$(inherited)",
					"@executable_path/Frameworks",
				);
				PRODUCT_BUNDLE_IDENTIFIER = com.plamena.NewsApp;
				PRODUCT_NAME = "$(TARGET_NAME)";
				SWIFT_VERSION = 5.0;
				TARGETED_DEVICE_FAMILY = "1,2";
			};
			name = Release;
		};
/* End XCBuildConfiguration section */

/* Begin XCConfigurationList section */
		32C4EE5C22B10900008F9EC7 /* Build configuration list for PBXProject "NewsApp" */ = {
			isa = XCConfigurationList;
			buildConfigurations = (
				32C4EE7322B10901008F9EC7 /* Debug */,
				32C4EE7422B10901008F9EC7 /* Release */,
			);
			defaultConfigurationIsVisible = 0;
			defaultConfigurationName = Release;
		};
		32C4EE7522B10901008F9EC7 /* Build configuration list for PBXNativeTarget "NewsApp" */ = {
			isa = XCConfigurationList;
			buildConfigurations = (
				32C4EE7622B10901008F9EC7 /* Debug */,
				32C4EE7722B10901008F9EC7 /* Release */,
			);
			defaultConfigurationIsVisible = 0;
			defaultConfigurationName = Release;
		};
/* End XCConfigurationList section */
	};
	rootObject = 32C4EE5922B10900008F9EC7 /* Project object */;
}
